// !$*UTF8*$!
{
	archiveVersion = 1;
	classes = {
	};
	objectVersion = 55;
	objects = {

/* Begin PBXBuildFile section */
		8D0AECFD293496D900F06F0D /* Pokemon.swift in Sources */ = {isa = PBXBuildFile; fileRef = 8D0AECFC293496D900F06F0D /* Pokemon.swift */; };
		8D0AECFE293496D900F06F0D /* Pokemon.swift in Sources */ = {isa = PBXBuildFile; fileRef = 8D0AECFC293496D900F06F0D /* Pokemon.swift */; };
		8D0AED0329349A3700F06F0D /* PokemonType.swift in Sources */ = {isa = PBXBuildFile; fileRef = 8D0AED0229349A3700F06F0D /* PokemonType.swift */; };
		8D0AED0429349A3700F06F0D /* PokemonType.swift in Sources */ = {isa = PBXBuildFile; fileRef = 8D0AED0229349A3700F06F0D /* PokemonType.swift */; };
		8D0AED0D2934BAA700F06F0D /* GetPokemonUseCase.swift in Sources */ = {isa = PBXBuildFile; fileRef = 8D0AED0C2934BAA700F06F0D /* GetPokemonUseCase.swift */; };
		8D0AED0E2934BAA700F06F0D /* GetPokemonUseCase.swift in Sources */ = {isa = PBXBuildFile; fileRef = 8D0AED0C2934BAA700F06F0D /* GetPokemonUseCase.swift */; };
		8D0AED142934BD1000F06F0D /* PokemonRepository.swift in Sources */ = {isa = PBXBuildFile; fileRef = 8D0AED132934BD1000F06F0D /* PokemonRepository.swift */; };
		8D0AED152934BD1000F06F0D /* PokemonRepository.swift in Sources */ = {isa = PBXBuildFile; fileRef = 8D0AED132934BD1000F06F0D /* PokemonRepository.swift */; };
		8D0AED172934BE9200F06F0D /* PokemonDTO.swift in Sources */ = {isa = PBXBuildFile; fileRef = 8D0AED162934BE9200F06F0D /* PokemonDTO.swift */; };
		8D0AED182934BE9200F06F0D /* PokemonDTO.swift in Sources */ = {isa = PBXBuildFile; fileRef = 8D0AED162934BE9200F06F0D /* PokemonDTO.swift */; };
		8D0AED1A2934C78600F06F0D /* PokemonDTODecode.swift in Sources */ = {isa = PBXBuildFile; fileRef = 8D0AED192934C78600F06F0D /* PokemonDTODecode.swift */; };
		8D0AED1B2934C78600F06F0D /* PokemonDTODecode.swift in Sources */ = {isa = PBXBuildFile; fileRef = 8D0AED192934C78600F06F0D /* PokemonDTODecode.swift */; };
		8D0AF20D29351E7A00F06F0D /* RemoteRepository.swift in Sources */ = {isa = PBXBuildFile; fileRef = 8D0AF20C29351E7A00F06F0D /* RemoteRepository.swift */; };
		8D0AF20E29351E7A00F06F0D /* RemoteRepository.swift in Sources */ = {isa = PBXBuildFile; fileRef = 8D0AF20C29351E7A00F06F0D /* RemoteRepository.swift */; };
		8D0AF2102935240900F06F0D /* Protocols.swift in Sources */ = {isa = PBXBuildFile; fileRef = 8D0AF20F2935240900F06F0D /* Protocols.swift */; };
		8D0AF2112935240900F06F0D /* Protocols.swift in Sources */ = {isa = PBXBuildFile; fileRef = 8D0AF20F2935240900F06F0D /* Protocols.swift */; };
		8D0AF2132935320600F06F0D /* Config-Debug.xcconfig in Resources */ = {isa = PBXBuildFile; fileRef = 8D0AF2122935320600F06F0D /* Config-Debug.xcconfig */; };
		8D0AF2142935320600F06F0D /* Config-Debug.xcconfig in Resources */ = {isa = PBXBuildFile; fileRef = 8D0AF2122935320600F06F0D /* Config-Debug.xcconfig */; };
		8D0AF21929368FC700F06F0D /* PokedexViewModel.swift in Sources */ = {isa = PBXBuildFile; fileRef = 8D0AF21829368FC700F06F0D /* PokedexViewModel.swift */; };
		8D0AF21A29368FC700F06F0D /* PokedexViewModel.swift in Sources */ = {isa = PBXBuildFile; fileRef = 8D0AF21829368FC700F06F0D /* PokedexViewModel.swift */; };
		8D1FD7F5293344B100589584 /* PokedexCellView.swift in Sources */ = {isa = PBXBuildFile; fileRef = 8D1FD7F4293344B100589584 /* PokedexCellView.swift */; };
		8D1FD7F6293344B100589584 /* PokedexCellView.swift in Sources */ = {isa = PBXBuildFile; fileRef = 8D1FD7F4293344B100589584 /* PokedexCellView.swift */; };
		8D722C982910B34300C42C4D /* Tests_iOS.swift in Sources */ = {isa = PBXBuildFile; fileRef = 8D722C972910B34300C42C4D /* Tests_iOS.swift */; };
		8D722C9A2910B34300C42C4D /* Tests_iOSLaunchTests.swift in Sources */ = {isa = PBXBuildFile; fileRef = 8D722C992910B34300C42C4D /* Tests_iOSLaunchTests.swift */; };
		8D722CA42910B34300C42C4D /* Tests_macOS.swift in Sources */ = {isa = PBXBuildFile; fileRef = 8D722CA32910B34300C42C4D /* Tests_macOS.swift */; };
		8D722CA62910B34300C42C4D /* Tests_macOSLaunchTests.swift in Sources */ = {isa = PBXBuildFile; fileRef = 8D722CA52910B34300C42C4D /* Tests_macOSLaunchTests.swift */; };
		8D722CA72910B34300C42C4D /* Globedex.xcdatamodeld in Sources */ = {isa = PBXBuildFile; fileRef = 8D722C7C2910B34200C42C4D /* Globedex.xcdatamodeld */; };
		8D722CA82910B34300C42C4D /* Globedex.xcdatamodeld in Sources */ = {isa = PBXBuildFile; fileRef = 8D722C7C2910B34200C42C4D /* Globedex.xcdatamodeld */; };
		8D722CA92910B34300C42C4D /* GlobedexApp.swift in Sources */ = {isa = PBXBuildFile; fileRef = 8D722C7E2910B34200C42C4D /* GlobedexApp.swift */; };
		8D722CAA2910B34300C42C4D /* GlobedexApp.swift in Sources */ = {isa = PBXBuildFile; fileRef = 8D722C7E2910B34200C42C4D /* GlobedexApp.swift */; };
		8D722CAB2910B34300C42C4D /* ContentView.swift in Sources */ = {isa = PBXBuildFile; fileRef = 8D722C7F2910B34200C42C4D /* ContentView.swift */; };
		8D722CAC2910B34300C42C4D /* ContentView.swift in Sources */ = {isa = PBXBuildFile; fileRef = 8D722C7F2910B34200C42C4D /* ContentView.swift */; };
		8D722CAD2910B34300C42C4D /* Persistence.swift in Sources */ = {isa = PBXBuildFile; fileRef = 8D722C802910B34200C42C4D /* Persistence.swift */; };
		8D722CAE2910B34300C42C4D /* Persistence.swift in Sources */ = {isa = PBXBuildFile; fileRef = 8D722C802910B34200C42C4D /* Persistence.swift */; };
		8D722CAF2910B34300C42C4D /* Assets.xcassets in Resources */ = {isa = PBXBuildFile; fileRef = 8D722C812910B34300C42C4D /* Assets.xcassets */; };
		8D722CB02910B34300C42C4D /* Assets.xcassets in Resources */ = {isa = PBXBuildFile; fileRef = 8D722C812910B34300C42C4D /* Assets.xcassets */; };
		8D822E222937336200D74F6F /* PokemonCellViewModel.swift in Sources */ = {isa = PBXBuildFile; fileRef = 8D822E212937336200D74F6F /* PokemonCellViewModel.swift */; };
		8D822E232937336200D74F6F /* PokemonCellViewModel.swift in Sources */ = {isa = PBXBuildFile; fileRef = 8D822E212937336200D74F6F /* PokemonCellViewModel.swift */; };
		8D822E252937C7AB00D74F6F /* ImageDownloader.swift in Sources */ = {isa = PBXBuildFile; fileRef = 8D822E242937C7AB00D74F6F /* ImageDownloader.swift */; };
		8D822E262937C7AB00D74F6F /* ImageDownloader.swift in Sources */ = {isa = PBXBuildFile; fileRef = 8D822E242937C7AB00D74F6F /* ImageDownloader.swift */; };
		8D847489293A743400A5D44B /* CircularProgressBarView.swift in Sources */ = {isa = PBXBuildFile; fileRef = 8D847488293A743400A5D44B /* CircularProgressBarView.swift */; };
		8D84748A293A743400A5D44B /* CircularProgressBarView.swift in Sources */ = {isa = PBXBuildFile; fileRef = 8D847488293A743400A5D44B /* CircularProgressBarView.swift */; };
		8D84748C293A753100A5D44B /* Constants.swift in Sources */ = {isa = PBXBuildFile; fileRef = 8D84748B293A753100A5D44B /* Constants.swift */; };
		8D84748D293A753100A5D44B /* Constants.swift in Sources */ = {isa = PBXBuildFile; fileRef = 8D84748B293A753100A5D44B /* Constants.swift */; };
		8D84748F293A85CC00A5D44B /* PokemonTypeStackView.swift in Sources */ = {isa = PBXBuildFile; fileRef = 8D84748E293A85CC00A5D44B /* PokemonTypeStackView.swift */; };
		8D847490293A85CC00A5D44B /* PokemonTypeStackView.swift in Sources */ = {isa = PBXBuildFile; fileRef = 8D84748E293A85CC00A5D44B /* PokemonTypeStackView.swift */; };
/* End PBXBuildFile section */

/* Begin PBXContainerItemProxy section */
		8D722C942910B34300C42C4D /* PBXContainerItemProxy */ = {
			isa = PBXContainerItemProxy;
			containerPortal = 8D722C772910B34200C42C4D /* Project object */;
			proxyType = 1;
			remoteGlobalIDString = 8D722C852910B34300C42C4D;
			remoteInfo = "Globedex (iOS)";
		};
		8D722CA02910B34300C42C4D /* PBXContainerItemProxy */ = {
			isa = PBXContainerItemProxy;
			containerPortal = 8D722C772910B34200C42C4D /* Project object */;
			proxyType = 1;
			remoteGlobalIDString = 8D722C8B2910B34300C42C4D;
			remoteInfo = "Globedex (macOS)";
		};
/* End PBXContainerItemProxy section */

/* Begin PBXFileReference section */
		8D0AECFC293496D900F06F0D /* Pokemon.swift */ = {isa = PBXFileReference; lastKnownFileType = sourcecode.swift; path = Pokemon.swift; sourceTree = "<group>"; };
		8D0AED0229349A3700F06F0D /* PokemonType.swift */ = {isa = PBXFileReference; lastKnownFileType = sourcecode.swift; path = PokemonType.swift; sourceTree = "<group>"; };
		8D0AED0C2934BAA700F06F0D /* GetPokemonUseCase.swift */ = {isa = PBXFileReference; lastKnownFileType = sourcecode.swift; path = GetPokemonUseCase.swift; sourceTree = "<group>"; };
		8D0AED132934BD1000F06F0D /* PokemonRepository.swift */ = {isa = PBXFileReference; lastKnownFileType = sourcecode.swift; path = PokemonRepository.swift; sourceTree = "<group>"; };
		8D0AED162934BE9200F06F0D /* PokemonDTO.swift */ = {isa = PBXFileReference; lastKnownFileType = sourcecode.swift; path = PokemonDTO.swift; sourceTree = "<group>"; };
		8D0AED192934C78600F06F0D /* PokemonDTODecode.swift */ = {isa = PBXFileReference; lastKnownFileType = sourcecode.swift; path = PokemonDTODecode.swift; sourceTree = "<group>"; };
		8D0AF20C29351E7A00F06F0D /* RemoteRepository.swift */ = {isa = PBXFileReference; lastKnownFileType = sourcecode.swift; path = RemoteRepository.swift; sourceTree = "<group>"; };
		8D0AF20F2935240900F06F0D /* Protocols.swift */ = {isa = PBXFileReference; lastKnownFileType = sourcecode.swift; path = Protocols.swift; sourceTree = "<group>"; };
		8D0AF2122935320600F06F0D /* Config-Debug.xcconfig */ = {isa = PBXFileReference; lastKnownFileType = text.xcconfig; path = "Config-Debug.xcconfig"; sourceTree = "<group>"; };
		8D0AF21829368FC700F06F0D /* PokedexViewModel.swift */ = {isa = PBXFileReference; lastKnownFileType = sourcecode.swift; path = PokedexViewModel.swift; sourceTree = "<group>"; };
		8D1FD7F4293344B100589584 /* PokedexCellView.swift */ = {isa = PBXFileReference; lastKnownFileType = sourcecode.swift; path = PokedexCellView.swift; sourceTree = "<group>"; };
		8D722C7D2910B34200C42C4D /* Shared.xcdatamodel */ = {isa = PBXFileReference; lastKnownFileType = wrapper.xcdatamodel; path = Shared.xcdatamodel; sourceTree = "<group>"; };
		8D722C7E2910B34200C42C4D /* GlobedexApp.swift */ = {isa = PBXFileReference; lastKnownFileType = sourcecode.swift; path = GlobedexApp.swift; sourceTree = "<group>"; };
		8D722C7F2910B34200C42C4D /* ContentView.swift */ = {isa = PBXFileReference; lastKnownFileType = sourcecode.swift; path = ContentView.swift; sourceTree = "<group>"; };
		8D722C802910B34200C42C4D /* Persistence.swift */ = {isa = PBXFileReference; lastKnownFileType = sourcecode.swift; path = Persistence.swift; sourceTree = "<group>"; };
		8D722C812910B34300C42C4D /* Assets.xcassets */ = {isa = PBXFileReference; lastKnownFileType = folder.assetcatalog; path = Assets.xcassets; sourceTree = "<group>"; };
		8D722C862910B34300C42C4D /* Globedex.app */ = {isa = PBXFileReference; explicitFileType = wrapper.application; includeInIndex = 0; path = Globedex.app; sourceTree = BUILT_PRODUCTS_DIR; };
		8D722C8C2910B34300C42C4D /* Globedex.app */ = {isa = PBXFileReference; explicitFileType = wrapper.application; includeInIndex = 0; path = Globedex.app; sourceTree = BUILT_PRODUCTS_DIR; };
		8D722C8E2910B34300C42C4D /* macOS.entitlements */ = {isa = PBXFileReference; lastKnownFileType = text.plist.entitlements; path = macOS.entitlements; sourceTree = "<group>"; };
		8D722C932910B34300C42C4D /* Tests iOS.xctest */ = {isa = PBXFileReference; explicitFileType = wrapper.cfbundle; includeInIndex = 0; path = "Tests iOS.xctest"; sourceTree = BUILT_PRODUCTS_DIR; };
		8D722C972910B34300C42C4D /* Tests_iOS.swift */ = {isa = PBXFileReference; lastKnownFileType = sourcecode.swift; path = Tests_iOS.swift; sourceTree = "<group>"; };
		8D722C992910B34300C42C4D /* Tests_iOSLaunchTests.swift */ = {isa = PBXFileReference; lastKnownFileType = sourcecode.swift; path = Tests_iOSLaunchTests.swift; sourceTree = "<group>"; };
		8D722C9F2910B34300C42C4D /* Tests macOS.xctest */ = {isa = PBXFileReference; explicitFileType = wrapper.cfbundle; includeInIndex = 0; path = "Tests macOS.xctest"; sourceTree = BUILT_PRODUCTS_DIR; };
		8D722CA32910B34300C42C4D /* Tests_macOS.swift */ = {isa = PBXFileReference; lastKnownFileType = sourcecode.swift; path = Tests_macOS.swift; sourceTree = "<group>"; };
		8D722CA52910B34300C42C4D /* Tests_macOSLaunchTests.swift */ = {isa = PBXFileReference; lastKnownFileType = sourcecode.swift; path = Tests_macOSLaunchTests.swift; sourceTree = "<group>"; };
		8D822E212937336200D74F6F /* PokemonCellViewModel.swift */ = {isa = PBXFileReference; lastKnownFileType = sourcecode.swift; path = PokemonCellViewModel.swift; sourceTree = "<group>"; };
		8D822E242937C7AB00D74F6F /* ImageDownloader.swift */ = {isa = PBXFileReference; lastKnownFileType = sourcecode.swift; path = ImageDownloader.swift; sourceTree = "<group>"; };
		8D847488293A743400A5D44B /* CircularProgressBarView.swift */ = {isa = PBXFileReference; lastKnownFileType = sourcecode.swift; path = CircularProgressBarView.swift; sourceTree = "<group>"; };
		8D84748B293A753100A5D44B /* Constants.swift */ = {isa = PBXFileReference; lastKnownFileType = sourcecode.swift; path = Constants.swift; sourceTree = "<group>"; };
		8D84748E293A85CC00A5D44B /* PokemonTypeStackView.swift */ = {isa = PBXFileReference; lastKnownFileType = sourcecode.swift; path = PokemonTypeStackView.swift; sourceTree = "<group>"; };
/* End PBXFileReference section */

/* Begin PBXFrameworksBuildPhase section */
		8D722C832910B34300C42C4D /* Frameworks */ = {
			isa = PBXFrameworksBuildPhase;
			buildActionMask = 2147483647;
			files = (
			);
			runOnlyForDeploymentPostprocessing = 0;
		};
		8D722C892910B34300C42C4D /* Frameworks */ = {
			isa = PBXFrameworksBuildPhase;
			buildActionMask = 2147483647;
			files = (
			);
			runOnlyForDeploymentPostprocessing = 0;
		};
		8D722C902910B34300C42C4D /* Frameworks */ = {
			isa = PBXFrameworksBuildPhase;
			buildActionMask = 2147483647;
			files = (
			);
			runOnlyForDeploymentPostprocessing = 0;
		};
		8D722C9C2910B34300C42C4D /* Frameworks */ = {
			isa = PBXFrameworksBuildPhase;
			buildActionMask = 2147483647;
			files = (
			);
			runOnlyForDeploymentPostprocessing = 0;
		};
/* End PBXFrameworksBuildPhase section */

/* Begin PBXGroup section */
		8D0AECFF293496E000F06F0D /* Data */ = {
			isa = PBXGroup;
			children = (
				8D0AED062934B98800F06F0D /* DataSource */,
				8D0AED052934B97D00F06F0D /* Repository */,
			);
			path = Data;
			sourceTree = "<group>";
		};
		8D0AED00293496F100F06F0D /* Presentation */ = {
			isa = PBXGroup;
			children = (
				8D0AF2172935DDE300F06F0D /* View */,
				8D0AF2162935DDDC00F06F0D /* ViewModel */,
			);
			path = Presentation;
			sourceTree = "<group>";
		};
		8D0AED01293496FD00F06F0D /* Domain */ = {
			isa = PBXGroup;
			children = (
				8D0AED0B2934BA5100F06F0D /* UseCases */,
				8D0AED0A2934BA4400F06F0D /* Entities */,
			);
			path = Domain;
			sourceTree = "<group>";
		};
		8D0AED052934B97D00F06F0D /* Repository */ = {
			isa = PBXGroup;
			children = (
				8D0AED132934BD1000F06F0D /* PokemonRepository.swift */,
			);
			path = Repository;
			sourceTree = "<group>";
		};
		8D0AED062934B98800F06F0D /* DataSource */ = {
			isa = PBXGroup;
			children = (
				8D0AED082934B9A300F06F0D /* API */,
				8D0AED072934B99600F06F0D /* Local */,
			);
			path = DataSource;
			sourceTree = "<group>";
		};
		8D0AED072934B99600F06F0D /* Local */ = {
			isa = PBXGroup;
			children = (
				8D722C7C2910B34200C42C4D /* Globedex.xcdatamodeld */,
				8D722C802910B34200C42C4D /* Persistence.swift */,
			);
			path = Local;
			sourceTree = "<group>";
		};
		8D0AED082934B9A300F06F0D /* API */ = {
			isa = PBXGroup;
			children = (
				8D0AF20B29351C1300F06F0D /* DTO */,
				8D0AF20C29351E7A00F06F0D /* RemoteRepository.swift */,
				8D822E242937C7AB00D74F6F /* ImageDownloader.swift */,
			);
			path = API;
			sourceTree = "<group>";
		};
		8D0AED092934B9EC00F06F0D /* General */ = {
			isa = PBXGroup;
			children = (
				8D722C7E2910B34200C42C4D /* GlobedexApp.swift */,
				8D722C812910B34300C42C4D /* Assets.xcassets */,
				8D0AF2122935320600F06F0D /* Config-Debug.xcconfig */,
			);
			path = General;
			sourceTree = "<group>";
		};
		8D0AED0A2934BA4400F06F0D /* Entities */ = {
			isa = PBXGroup;
			children = (
				8D0AECFC293496D900F06F0D /* Pokemon.swift */,
				8D0AED0229349A3700F06F0D /* PokemonType.swift */,
			);
			path = Entities;
			sourceTree = "<group>";
		};
		8D0AED0B2934BA5100F06F0D /* UseCases */ = {
			isa = PBXGroup;
			children = (
				8D0AED0F2934BB0E00F06F0D /* GetPokemonUseCase */,
			);
			path = UseCases;
			sourceTree = "<group>";
		};
		8D0AED0F2934BB0E00F06F0D /* GetPokemonUseCase */ = {
			isa = PBXGroup;
			children = (
				8D0AF20F2935240900F06F0D /* Protocols.swift */,
				8D0AED0C2934BAA700F06F0D /* GetPokemonUseCase.swift */,
			);
			path = GetPokemonUseCase;
			sourceTree = "<group>";
		};
		8D0AF20B29351C1300F06F0D /* DTO */ = {
			isa = PBXGroup;
			children = (
				8D0AED162934BE9200F06F0D /* PokemonDTO.swift */,
				8D0AED192934C78600F06F0D /* PokemonDTODecode.swift */,
			);
			path = DTO;
			sourceTree = "<group>";
		};
		8D0AF2162935DDDC00F06F0D /* ViewModel */ = {
			isa = PBXGroup;
			children = (
				8D0AF21829368FC700F06F0D /* PokedexViewModel.swift */,
				8D822E212937336200D74F6F /* PokemonCellViewModel.swift */,
			);
			path = ViewModel;
			sourceTree = "<group>";
		};
		8D0AF2172935DDE300F06F0D /* View */ = {
			isa = PBXGroup;
			children = (
				8D847482293A53B100A5D44B /* Components */,
				8D722C7F2910B34200C42C4D /* ContentView.swift */,
				8D84748B293A753100A5D44B /* Constants.swift */,
			);
			path = View;
			sourceTree = "<group>";
		};
		8D722C762910B34200C42C4D = {
			isa = PBXGroup;
			children = (
				8D722C7B2910B34200C42C4D /* Shared */,
				8D722C8D2910B34300C42C4D /* macOS */,
				8D722C962910B34300C42C4D /* Tests iOS */,
				8D722CA22910B34300C42C4D /* Tests macOS */,
				8D722C872910B34300C42C4D /* Products */,
			);
			sourceTree = "<group>";
		};
		8D722C7B2910B34200C42C4D /* Shared */ = {
			isa = PBXGroup;
			children = (
				8D0AED092934B9EC00F06F0D /* General */,
				8D0AED00293496F100F06F0D /* Presentation */,
				8D0AED01293496FD00F06F0D /* Domain */,
				8D0AECFF293496E000F06F0D /* Data */,
			);
			path = Shared;
			sourceTree = "<group>";
		};
		8D722C872910B34300C42C4D /* Products */ = {
			isa = PBXGroup;
			children = (
				8D722C862910B34300C42C4D /* Globedex.app */,
				8D722C8C2910B34300C42C4D /* Globedex.app */,
				8D722C932910B34300C42C4D /* Tests iOS.xctest */,
				8D722C9F2910B34300C42C4D /* Tests macOS.xctest */,
			);
			name = Products;
			sourceTree = "<group>";
		};
		8D722C8D2910B34300C42C4D /* macOS */ = {
			isa = PBXGroup;
			children = (
				8D722C8E2910B34300C42C4D /* macOS.entitlements */,
			);
			path = macOS;
			sourceTree = "<group>";
		};
		8D722C962910B34300C42C4D /* Tests iOS */ = {
			isa = PBXGroup;
			children = (
				8D722C972910B34300C42C4D /* Tests_iOS.swift */,
				8D722C992910B34300C42C4D /* Tests_iOSLaunchTests.swift */,
			);
			path = "Tests iOS";
			sourceTree = "<group>";
		};
		8D722CA22910B34300C42C4D /* Tests macOS */ = {
			isa = PBXGroup;
			children = (
				8D722CA32910B34300C42C4D /* Tests_macOS.swift */,
				8D722CA52910B34300C42C4D /* Tests_macOSLaunchTests.swift */,
			);
			path = "Tests macOS";
			sourceTree = "<group>";
		};
		8D847482293A53B100A5D44B /* Components */ = {
			isa = PBXGroup;
			children = (
				8D847486293A73E200A5D44B /* Shared */,
				8D847485293A53D700A5D44B /* iOS */,
				8D847484293A53D100A5D44B /* iPadOS */,
				8D847483293A53CB00A5D44B /* macOS */,
			);
			path = Components;
			sourceTree = "<group>";
		};
		8D847483293A53CB00A5D44B /* macOS */ = {
			isa = PBXGroup;
			children = (
			);
			path = macOS;
			sourceTree = "<group>";
		};
		8D847484293A53D100A5D44B /* iPadOS */ = {
			isa = PBXGroup;
			children = (
			);
			path = iPadOS;
			sourceTree = "<group>";
		};
		8D847485293A53D700A5D44B /* iOS */ = {
			isa = PBXGroup;
			children = (
			);
			path = iOS;
			sourceTree = "<group>";
		};
		8D847486293A73E200A5D44B /* Shared */ = {
			isa = PBXGroup;
			children = (
				8D1FD7F4293344B100589584 /* PokedexCellView.swift */,
				8D847488293A743400A5D44B /* CircularProgressBarView.swift */,
				8D84748E293A85CC00A5D44B /* PokemonTypeStackView.swift */,
			);
			path = Shared;
			sourceTree = "<group>";
		};
/* End PBXGroup section */

/* Begin PBXNativeTarget section */
		8D722C852910B34300C42C4D /* Globedex (iOS) */ = {
			isa = PBXNativeTarget;
			buildConfigurationList = 8D722CB32910B34300C42C4D /* Build configuration list for PBXNativeTarget "Globedex (iOS)" */;
			buildPhases = (
				8D722C822910B34300C42C4D /* Sources */,
				8D722C832910B34300C42C4D /* Frameworks */,
				8D722C842910B34300C42C4D /* Resources */,
			);
			buildRules = (
			);
			dependencies = (
			);
			name = "Globedex (iOS)";
			productName = "Globedex (iOS)";
			productReference = 8D722C862910B34300C42C4D /* Globedex.app */;
			productType = "com.apple.product-type.application";
		};
		8D722C8B2910B34300C42C4D /* Globedex (macOS) */ = {
			isa = PBXNativeTarget;
			buildConfigurationList = 8D722CB62910B34300C42C4D /* Build configuration list for PBXNativeTarget "Globedex (macOS)" */;
			buildPhases = (
				8D722C882910B34300C42C4D /* Sources */,
				8D722C892910B34300C42C4D /* Frameworks */,
				8D722C8A2910B34300C42C4D /* Resources */,
			);
			buildRules = (
			);
			dependencies = (
			);
			name = "Globedex (macOS)";
			productName = "Globedex (macOS)";
			productReference = 8D722C8C2910B34300C42C4D /* Globedex.app */;
			productType = "com.apple.product-type.application";
		};
		8D722C922910B34300C42C4D /* Tests iOS */ = {
			isa = PBXNativeTarget;
			buildConfigurationList = 8D722CB92910B34300C42C4D /* Build configuration list for PBXNativeTarget "Tests iOS" */;
			buildPhases = (
				8D722C8F2910B34300C42C4D /* Sources */,
				8D722C902910B34300C42C4D /* Frameworks */,
				8D722C912910B34300C42C4D /* Resources */,
			);
			buildRules = (
			);
			dependencies = (
				8D722C952910B34300C42C4D /* PBXTargetDependency */,
			);
			name = "Tests iOS";
			productName = "Tests iOS";
			productReference = 8D722C932910B34300C42C4D /* Tests iOS.xctest */;
			productType = "com.apple.product-type.bundle.ui-testing";
		};
		8D722C9E2910B34300C42C4D /* Tests macOS */ = {
			isa = PBXNativeTarget;
			buildConfigurationList = 8D722CBC2910B34300C42C4D /* Build configuration list for PBXNativeTarget "Tests macOS" */;
			buildPhases = (
				8D722C9B2910B34300C42C4D /* Sources */,
				8D722C9C2910B34300C42C4D /* Frameworks */,
				8D722C9D2910B34300C42C4D /* Resources */,
			);
			buildRules = (
			);
			dependencies = (
				8D722CA12910B34300C42C4D /* PBXTargetDependency */,
			);
			name = "Tests macOS";
			productName = "Tests macOS";
			productReference = 8D722C9F2910B34300C42C4D /* Tests macOS.xctest */;
			productType = "com.apple.product-type.bundle.ui-testing";
		};
/* End PBXNativeTarget section */

/* Begin PBXProject section */
		8D722C772910B34200C42C4D /* Project object */ = {
			isa = PBXProject;
			attributes = {
				BuildIndependentTargetsInParallel = 1;
				LastSwiftUpdateCheck = 1340;
				LastUpgradeCheck = 1340;
				TargetAttributes = {
					8D722C852910B34300C42C4D = {
						CreatedOnToolsVersion = 13.4.1;
					};
					8D722C8B2910B34300C42C4D = {
						CreatedOnToolsVersion = 13.4.1;
					};
					8D722C922910B34300C42C4D = {
						CreatedOnToolsVersion = 13.4.1;
						TestTargetID = 8D722C852910B34300C42C4D;
					};
					8D722C9E2910B34300C42C4D = {
						CreatedOnToolsVersion = 13.4.1;
						TestTargetID = 8D722C8B2910B34300C42C4D;
					};
				};
			};
			buildConfigurationList = 8D722C7A2910B34200C42C4D /* Build configuration list for PBXProject "Globedex" */;
			compatibilityVersion = "Xcode 13.0";
			developmentRegion = en;
			hasScannedForEncodings = 0;
			knownRegions = (
				en,
				Base,
			);
			mainGroup = 8D722C762910B34200C42C4D;
			productRefGroup = 8D722C872910B34300C42C4D /* Products */;
			projectDirPath = "";
			projectRoot = "";
			targets = (
				8D722C852910B34300C42C4D /* Globedex (iOS) */,
				8D722C8B2910B34300C42C4D /* Globedex (macOS) */,
				8D722C922910B34300C42C4D /* Tests iOS */,
				8D722C9E2910B34300C42C4D /* Tests macOS */,
			);
		};
/* End PBXProject section */

/* Begin PBXResourcesBuildPhase section */
		8D722C842910B34300C42C4D /* Resources */ = {
			isa = PBXResourcesBuildPhase;
			buildActionMask = 2147483647;
			files = (
				8D0AF2132935320600F06F0D /* Config-Debug.xcconfig in Resources */,
				8D722CAF2910B34300C42C4D /* Assets.xcassets in Resources */,
			);
			runOnlyForDeploymentPostprocessing = 0;
		};
		8D722C8A2910B34300C42C4D /* Resources */ = {
			isa = PBXResourcesBuildPhase;
			buildActionMask = 2147483647;
			files = (
				8D0AF2142935320600F06F0D /* Config-Debug.xcconfig in Resources */,
				8D722CB02910B34300C42C4D /* Assets.xcassets in Resources */,
			);
			runOnlyForDeploymentPostprocessing = 0;
		};
		8D722C912910B34300C42C4D /* Resources */ = {
			isa = PBXResourcesBuildPhase;
			buildActionMask = 2147483647;
			files = (
			);
			runOnlyForDeploymentPostprocessing = 0;
		};
		8D722C9D2910B34300C42C4D /* Resources */ = {
			isa = PBXResourcesBuildPhase;
			buildActionMask = 2147483647;
			files = (
			);
			runOnlyForDeploymentPostprocessing = 0;
		};
/* End PBXResourcesBuildPhase section */

/* Begin PBXSourcesBuildPhase section */
		8D722C822910B34300C42C4D /* Sources */ = {
			isa = PBXSourcesBuildPhase;
			buildActionMask = 2147483647;
			files = (
				8D722CA72910B34300C42C4D /* Globedex.xcdatamodeld in Sources */,
				8D84748F293A85CC00A5D44B /* PokemonTypeStackView.swift in Sources */,
				8D0AF20D29351E7A00F06F0D /* RemoteRepository.swift in Sources */,
				8D822E252937C7AB00D74F6F /* ImageDownloader.swift in Sources */,
				8D722CAD2910B34300C42C4D /* Persistence.swift in Sources */,
				8D0AED0D2934BAA700F06F0D /* GetPokemonUseCase.swift in Sources */,
				8D847489293A743400A5D44B /* CircularProgressBarView.swift in Sources */,
				8D0AED172934BE9200F06F0D /* PokemonDTO.swift in Sources */,
				8D0AED1A2934C78600F06F0D /* PokemonDTODecode.swift in Sources */,
				8D822E222937336200D74F6F /* PokemonCellViewModel.swift in Sources */,
				8D722CA92910B34300C42C4D /* GlobedexApp.swift in Sources */,
				8D1FD7F5293344B100589584 /* PokedexCellView.swift in Sources */,
				8D0AED142934BD1000F06F0D /* PokemonRepository.swift in Sources */,
				8D0AF2102935240900F06F0D /* Protocols.swift in Sources */,
				8D722CAB2910B34300C42C4D /* ContentView.swift in Sources */,
				8D0AECFD293496D900F06F0D /* Pokemon.swift in Sources */,
				8D0AED0329349A3700F06F0D /* PokemonType.swift in Sources */,
				8D0AF21929368FC700F06F0D /* PokedexViewModel.swift in Sources */,
				8D84748C293A753100A5D44B /* Constants.swift in Sources */,
			);
			runOnlyForDeploymentPostprocessing = 0;
		};
		8D722C882910B34300C42C4D /* Sources */ = {
			isa = PBXSourcesBuildPhase;
			buildActionMask = 2147483647;
			files = (
				8D722CA82910B34300C42C4D /* Globedex.xcdatamodeld in Sources */,
				8D847490293A85CC00A5D44B /* PokemonTypeStackView.swift in Sources */,
				8D0AF20E29351E7A00F06F0D /* RemoteRepository.swift in Sources */,
				8D822E262937C7AB00D74F6F /* ImageDownloader.swift in Sources */,
				8D722CAE2910B34300C42C4D /* Persistence.swift in Sources */,
				8D0AED0E2934BAA700F06F0D /* GetPokemonUseCase.swift in Sources */,
				8D84748A293A743400A5D44B /* CircularProgressBarView.swift in Sources */,
				8D0AED182934BE9200F06F0D /* PokemonDTO.swift in Sources */,
				8D0AED1B2934C78600F06F0D /* PokemonDTODecode.swift in Sources */,
				8D822E232937336200D74F6F /* PokemonCellViewModel.swift in Sources */,
				8D722CAA2910B34300C42C4D /* GlobedexApp.swift in Sources */,
				8D1FD7F6293344B100589584 /* PokedexCellView.swift in Sources */,
				8D0AED152934BD1000F06F0D /* PokemonRepository.swift in Sources */,
				8D0AF2112935240900F06F0D /* Protocols.swift in Sources */,
				8D722CAC2910B34300C42C4D /* ContentView.swift in Sources */,
				8D0AECFE293496D900F06F0D /* Pokemon.swift in Sources */,
				8D0AED0429349A3700F06F0D /* PokemonType.swift in Sources */,
				8D0AF21A29368FC700F06F0D /* PokedexViewModel.swift in Sources */,
				8D84748D293A753100A5D44B /* Constants.swift in Sources */,
			);
			runOnlyForDeploymentPostprocessing = 0;
		};
		8D722C8F2910B34300C42C4D /* Sources */ = {
			isa = PBXSourcesBuildPhase;
			buildActionMask = 2147483647;
			files = (
				8D722C9A2910B34300C42C4D /* Tests_iOSLaunchTests.swift in Sources */,
				8D722C982910B34300C42C4D /* Tests_iOS.swift in Sources */,
			);
			runOnlyForDeploymentPostprocessing = 0;
		};
		8D722C9B2910B34300C42C4D /* Sources */ = {
			isa = PBXSourcesBuildPhase;
			buildActionMask = 2147483647;
			files = (
				8D722CA62910B34300C42C4D /* Tests_macOSLaunchTests.swift in Sources */,
				8D722CA42910B34300C42C4D /* Tests_macOS.swift in Sources */,
			);
			runOnlyForDeploymentPostprocessing = 0;
		};
/* End PBXSourcesBuildPhase section */

/* Begin PBXTargetDependency section */
		8D722C952910B34300C42C4D /* PBXTargetDependency */ = {
			isa = PBXTargetDependency;
			target = 8D722C852910B34300C42C4D /* Globedex (iOS) */;
			targetProxy = 8D722C942910B34300C42C4D /* PBXContainerItemProxy */;
		};
		8D722CA12910B34300C42C4D /* PBXTargetDependency */ = {
			isa = PBXTargetDependency;
			target = 8D722C8B2910B34300C42C4D /* Globedex (macOS) */;
			targetProxy = 8D722CA02910B34300C42C4D /* PBXContainerItemProxy */;
		};
/* End PBXTargetDependency section */

/* Begin XCBuildConfiguration section */
		8D722CB12910B34300C42C4D /* Debug */ = {
			isa = XCBuildConfiguration;
			buildSettings = {
				ALWAYS_SEARCH_USER_PATHS = NO;
				CLANG_ANALYZER_NONNULL = YES;
				CLANG_ANALYZER_NUMBER_OBJECT_CONVERSION = YES_AGGRESSIVE;
				CLANG_CXX_LANGUAGE_STANDARD = "gnu++17";
				CLANG_ENABLE_MODULES = YES;
				CLANG_ENABLE_OBJC_ARC = YES;
				CLANG_ENABLE_OBJC_WEAK = YES;
				CLANG_WARN_BLOCK_CAPTURE_AUTORELEASING = YES;
				CLANG_WARN_BOOL_CONVERSION = YES;
				CLANG_WARN_COMMA = YES;
				CLANG_WARN_CONSTANT_CONVERSION = YES;
				CLANG_WARN_DEPRECATED_OBJC_IMPLEMENTATIONS = YES;
				CLANG_WARN_DIRECT_OBJC_ISA_USAGE = YES_ERROR;
				CLANG_WARN_DOCUMENTATION_COMMENTS = YES;
				CLANG_WARN_EMPTY_BODY = YES;
				CLANG_WARN_ENUM_CONVERSION = YES;
				CLANG_WARN_INFINITE_RECURSION = YES;
				CLANG_WARN_INT_CONVERSION = YES;
				CLANG_WARN_NON_LITERAL_NULL_CONVERSION = YES;
				CLANG_WARN_OBJC_IMPLICIT_RETAIN_SELF = YES;
				CLANG_WARN_OBJC_LITERAL_CONVERSION = YES;
				CLANG_WARN_OBJC_ROOT_CLASS = YES_ERROR;
				CLANG_WARN_QUOTED_INCLUDE_IN_FRAMEWORK_HEADER = YES;
				CLANG_WARN_RANGE_LOOP_ANALYSIS = YES;
				CLANG_WARN_STRICT_PROTOTYPES = YES;
				CLANG_WARN_SUSPICIOUS_MOVE = YES;
				CLANG_WARN_UNGUARDED_AVAILABILITY = YES_AGGRESSIVE;
				CLANG_WARN_UNREACHABLE_CODE = YES;
				CLANG_WARN__DUPLICATE_METHOD_MATCH = YES;
				COPY_PHASE_STRIP = NO;
				DEBUG_INFORMATION_FORMAT = dwarf;
				ENABLE_STRICT_OBJC_MSGSEND = YES;
				ENABLE_TESTABILITY = YES;
				GCC_C_LANGUAGE_STANDARD = gnu11;
				GCC_DYNAMIC_NO_PIC = NO;
				GCC_NO_COMMON_BLOCKS = YES;
				GCC_OPTIMIZATION_LEVEL = 0;
				GCC_PREPROCESSOR_DEFINITIONS = (
					"DEBUG=1",
					"$(inherited)",
				);
				GCC_WARN_64_TO_32_BIT_CONVERSION = YES;
				GCC_WARN_ABOUT_RETURN_TYPE = YES_ERROR;
				GCC_WARN_UNDECLARED_SELECTOR = YES;
				GCC_WARN_UNINITIALIZED_AUTOS = YES_AGGRESSIVE;
				GCC_WARN_UNUSED_FUNCTION = YES;
				GCC_WARN_UNUSED_VARIABLE = YES;
				MTL_ENABLE_DEBUG_INFO = INCLUDE_SOURCE;
				MTL_FAST_MATH = YES;
				ONLY_ACTIVE_ARCH = YES;
				SWIFT_ACTIVE_COMPILATION_CONDITIONS = DEBUG;
				SWIFT_OPTIMIZATION_LEVEL = "-Onone";
			};
			name = Debug;
		};
		8D722CB22910B34300C42C4D /* Release */ = {
			isa = XCBuildConfiguration;
			buildSettings = {
				ALWAYS_SEARCH_USER_PATHS = NO;
				CLANG_ANALYZER_NONNULL = YES;
				CLANG_ANALYZER_NUMBER_OBJECT_CONVERSION = YES_AGGRESSIVE;
				CLANG_CXX_LANGUAGE_STANDARD = "gnu++17";
				CLANG_ENABLE_MODULES = YES;
				CLANG_ENABLE_OBJC_ARC = YES;
				CLANG_ENABLE_OBJC_WEAK = YES;
				CLANG_WARN_BLOCK_CAPTURE_AUTORELEASING = YES;
				CLANG_WARN_BOOL_CONVERSION = YES;
				CLANG_WARN_COMMA = YES;
				CLANG_WARN_CONSTANT_CONVERSION = YES;
				CLANG_WARN_DEPRECATED_OBJC_IMPLEMENTATIONS = YES;
				CLANG_WARN_DIRECT_OBJC_ISA_USAGE = YES_ERROR;
				CLANG_WARN_DOCUMENTATION_COMMENTS = YES;
				CLANG_WARN_EMPTY_BODY = YES;
				CLANG_WARN_ENUM_CONVERSION = YES;
				CLANG_WARN_INFINITE_RECURSION = YES;
				CLANG_WARN_INT_CONVERSION = YES;
				CLANG_WARN_NON_LITERAL_NULL_CONVERSION = YES;
				CLANG_WARN_OBJC_IMPLICIT_RETAIN_SELF = YES;
				CLANG_WARN_OBJC_LITERAL_CONVERSION = YES;
				CLANG_WARN_OBJC_ROOT_CLASS = YES_ERROR;
				CLANG_WARN_QUOTED_INCLUDE_IN_FRAMEWORK_HEADER = YES;
				CLANG_WARN_RANGE_LOOP_ANALYSIS = YES;
				CLANG_WARN_STRICT_PROTOTYPES = YES;
				CLANG_WARN_SUSPICIOUS_MOVE = YES;
				CLANG_WARN_UNGUARDED_AVAILABILITY = YES_AGGRESSIVE;
				CLANG_WARN_UNREACHABLE_CODE = YES;
				CLANG_WARN__DUPLICATE_METHOD_MATCH = YES;
				COPY_PHASE_STRIP = NO;
				DEBUG_INFORMATION_FORMAT = "dwarf-with-dsym";
				ENABLE_NS_ASSERTIONS = NO;
				ENABLE_STRICT_OBJC_MSGSEND = YES;
				GCC_C_LANGUAGE_STANDARD = gnu11;
				GCC_NO_COMMON_BLOCKS = YES;
				GCC_WARN_64_TO_32_BIT_CONVERSION = YES;
				GCC_WARN_ABOUT_RETURN_TYPE = YES_ERROR;
				GCC_WARN_UNDECLARED_SELECTOR = YES;
				GCC_WARN_UNINITIALIZED_AUTOS = YES_AGGRESSIVE;
				GCC_WARN_UNUSED_FUNCTION = YES;
				GCC_WARN_UNUSED_VARIABLE = YES;
				MTL_ENABLE_DEBUG_INFO = NO;
				MTL_FAST_MATH = YES;
				SWIFT_COMPILATION_MODE = wholemodule;
				SWIFT_OPTIMIZATION_LEVEL = "-O";
			};
			name = Release;
		};
		8D722CB42910B34300C42C4D /* Debug */ = {
			isa = XCBuildConfiguration;
			buildSettings = {
				ASSETCATALOG_COMPILER_APPICON_NAME = AppIcon;
				ASSETCATALOG_COMPILER_GLOBAL_ACCENT_COLOR_NAME = AccentColor;
				CODE_SIGN_STYLE = Automatic;
				CURRENT_PROJECT_VERSION = 1;
				DEVELOPMENT_TEAM = FDTCRD4BVY;
				ENABLE_PREVIEWS = YES;
				GENERATE_INFOPLIST_FILE = YES;
				INFOPLIST_KEY_UIApplicationSceneManifest_Generation = YES;
				INFOPLIST_KEY_UIApplicationSupportsIndirectInputEvents = YES;
				INFOPLIST_KEY_UILaunchScreen_Generation = YES;
				INFOPLIST_KEY_UISupportedInterfaceOrientations = "UIInterfaceOrientationPortrait UIInterfaceOrientationPortraitUpsideDown UIInterfaceOrientationLandscapeLeft";
				INFOPLIST_KEY_UISupportedInterfaceOrientations_iPad = "UIInterfaceOrientationPortrait UIInterfaceOrientationPortraitUpsideDown UIInterfaceOrientationLandscapeLeft UIInterfaceOrientationLandscapeRight";
				INFOPLIST_KEY_UISupportedInterfaceOrientations_iPhone = "UIInterfaceOrientationPortrait UIInterfaceOrientationLandscapeLeft UIInterfaceOrientationLandscapeRight";
				IPHONEOS_DEPLOYMENT_TARGET = 15.5;
				LD_RUNPATH_SEARCH_PATHS = (
					"$(inherited)",
					"@executable_path/Frameworks",
				);
				MARKETING_VERSION = 1.0;
				PRODUCT_BUNDLE_IDENTIFIER = com.samartgs.Globedex;
				PRODUCT_NAME = Globedex;
				SDKROOT = iphoneos;
				SWIFT_EMIT_LOC_STRINGS = YES;
				SWIFT_VERSION = 5.0;
				TARGETED_DEVICE_FAMILY = "1,2";
			};
			name = Debug;
		};
		8D722CB52910B34300C42C4D /* Release */ = {
			isa = XCBuildConfiguration;
			buildSettings = {
				ASSETCATALOG_COMPILER_APPICON_NAME = AppIcon;
				ASSETCATALOG_COMPILER_GLOBAL_ACCENT_COLOR_NAME = AccentColor;
				CODE_SIGN_STYLE = Automatic;
				CURRENT_PROJECT_VERSION = 1;
				DEVELOPMENT_TEAM = FDTCRD4BVY;
				ENABLE_PREVIEWS = YES;
				GENERATE_INFOPLIST_FILE = YES;
				INFOPLIST_KEY_UIApplicationSceneManifest_Generation = YES;
				INFOPLIST_KEY_UIApplicationSupportsIndirectInputEvents = YES;
				INFOPLIST_KEY_UILaunchScreen_Generation = YES;
				INFOPLIST_KEY_UISupportedInterfaceOrientations = "UIInterfaceOrientationPortrait UIInterfaceOrientationPortraitUpsideDown UIInterfaceOrientationLandscapeLeft";
				INFOPLIST_KEY_UISupportedInterfaceOrientations_iPad = "UIInterfaceOrientationPortrait UIInterfaceOrientationPortraitUpsideDown UIInterfaceOrientationLandscapeLeft UIInterfaceOrientationLandscapeRight";
				INFOPLIST_KEY_UISupportedInterfaceOrientations_iPhone = "UIInterfaceOrientationPortrait UIInterfaceOrientationLandscapeLeft UIInterfaceOrientationLandscapeRight";
				IPHONEOS_DEPLOYMENT_TARGET = 15.5;
				LD_RUNPATH_SEARCH_PATHS = (
					"$(inherited)",
					"@executable_path/Frameworks",
				);
				MARKETING_VERSION = 1.0;
				PRODUCT_BUNDLE_IDENTIFIER = com.samartgs.Globedex;
				PRODUCT_NAME = Globedex;
				SDKROOT = iphoneos;
				SWIFT_EMIT_LOC_STRINGS = YES;
				SWIFT_VERSION = 5.0;
				TARGETED_DEVICE_FAMILY = "1,2";
				VALIDATE_PRODUCT = YES;
			};
			name = Release;
		};
		8D722CB72910B34300C42C4D /* Debug */ = {
			isa = XCBuildConfiguration;
			buildSettings = {
				ASSETCATALOG_COMPILER_APPICON_NAME = AppIcon;
				ASSETCATALOG_COMPILER_GLOBAL_ACCENT_COLOR_NAME = AccentColor;
				CODE_SIGN_ENTITLEMENTS = macOS/macOS.entitlements;
				CODE_SIGN_STYLE = Automatic;
				COMBINE_HIDPI_IMAGES = YES;
				CURRENT_PROJECT_VERSION = 1;
				DEVELOPMENT_TEAM = FDTCRD4BVY;
				ENABLE_HARDENED_RUNTIME = YES;
				ENABLE_PREVIEWS = YES;
				GENERATE_INFOPLIST_FILE = YES;
				INFOPLIST_KEY_NSHumanReadableCopyright = "";
				LD_RUNPATH_SEARCH_PATHS = (
					"$(inherited)",
					"@executable_path/../Frameworks",
				);
				MACOSX_DEPLOYMENT_TARGET = 12.3;
				MARKETING_VERSION = 1.0;
				PRODUCT_BUNDLE_IDENTIFIER = com.samartgs.Globedex;
				PRODUCT_NAME = Globedex;
				SDKROOT = macosx;
				SWIFT_EMIT_LOC_STRINGS = YES;
				SWIFT_VERSION = 5.0;
			};
			name = Debug;
		};
		8D722CB82910B34300C42C4D /* Release */ = {
			isa = XCBuildConfiguration;
			buildSettings = {
				ASSETCATALOG_COMPILER_APPICON_NAME = AppIcon;
				ASSETCATALOG_COMPILER_GLOBAL_ACCENT_COLOR_NAME = AccentColor;
				CODE_SIGN_ENTITLEMENTS = macOS/macOS.entitlements;
				CODE_SIGN_STYLE = Automatic;
				COMBINE_HIDPI_IMAGES = YES;
				CURRENT_PROJECT_VERSION = 1;
				DEVELOPMENT_TEAM = FDTCRD4BVY;
				ENABLE_HARDENED_RUNTIME = YES;
				ENABLE_PREVIEWS = YES;
				GENERATE_INFOPLIST_FILE = YES;
				INFOPLIST_KEY_NSHumanReadableCopyright = "";
				LD_RUNPATH_SEARCH_PATHS = (
					"$(inherited)",
					"@executable_path/../Frameworks",
				);
				MACOSX_DEPLOYMENT_TARGET = 12.3;
				MARKETING_VERSION = 1.0;
				PRODUCT_BUNDLE_IDENTIFIER = com.samartgs.Globedex;
				PRODUCT_NAME = Globedex;
				SDKROOT = macosx;
				SWIFT_EMIT_LOC_STRINGS = YES;
				SWIFT_VERSION = 5.0;
			};
			name = Release;
		};
		8D722CBA2910B34300C42C4D /* Debug */ = {
			isa = XCBuildConfiguration;
			buildSettings = {
				ALWAYS_EMBED_SWIFT_STANDARD_LIBRARIES = YES;
				CODE_SIGN_STYLE = Automatic;
				CURRENT_PROJECT_VERSION = 1;
				DEVELOPMENT_TEAM = FDTCRD4BVY;
				GENERATE_INFOPLIST_FILE = YES;
				IPHONEOS_DEPLOYMENT_TARGET = 15.5;
				MARKETING_VERSION = 1.0;
				PRODUCT_BUNDLE_IDENTIFIER = "com.samartgs.Tests-iOS";
				PRODUCT_NAME = "$(TARGET_NAME)";
				SDKROOT = iphoneos;
				SWIFT_EMIT_LOC_STRINGS = NO;
				SWIFT_VERSION = 5.0;
				TARGETED_DEVICE_FAMILY = "1,2";
				TEST_TARGET_NAME = "Globedex (iOS)";
			};
			name = Debug;
		};
		8D722CBB2910B34300C42C4D /* Release */ = {
			isa = XCBuildConfiguration;
			buildSettings = {
				ALWAYS_EMBED_SWIFT_STANDARD_LIBRARIES = YES;
				CODE_SIGN_STYLE = Automatic;
				CURRENT_PROJECT_VERSION = 1;
				DEVELOPMENT_TEAM = FDTCRD4BVY;
				GENERATE_INFOPLIST_FILE = YES;
				IPHONEOS_DEPLOYMENT_TARGET = 15.5;
				MARKETING_VERSION = 1.0;
				PRODUCT_BUNDLE_IDENTIFIER = "com.samartgs.Tests-iOS";
				PRODUCT_NAME = "$(TARGET_NAME)";
				SDKROOT = iphoneos;
				SWIFT_EMIT_LOC_STRINGS = NO;
				SWIFT_VERSION = 5.0;
				TARGETED_DEVICE_FAMILY = "1,2";
				TEST_TARGET_NAME = "Globedex (iOS)";
				VALIDATE_PRODUCT = YES;
			};
			name = Release;
		};
		8D722CBD2910B34300C42C4D /* Debug */ = {
			isa = XCBuildConfiguration;
			buildSettings = {
				ALWAYS_EMBED_SWIFT_STANDARD_LIBRARIES = YES;
				CODE_SIGN_STYLE = Automatic;
				CURRENT_PROJECT_VERSION = 1;
				DEVELOPMENT_TEAM = FDTCRD4BVY;
				GENERATE_INFOPLIST_FILE = YES;
				MACOSX_DEPLOYMENT_TARGET = 12.3;
				MARKETING_VERSION = 1.0;
				PRODUCT_BUNDLE_IDENTIFIER = "com.samartgs.Tests-macOS";
				PRODUCT_NAME = "$(TARGET_NAME)";
				SDKROOT = macosx;
				SWIFT_EMIT_LOC_STRINGS = NO;
				SWIFT_VERSION = 5.0;
				TEST_TARGET_NAME = "Globedex (macOS)";
			};
			name = Debug;
		};
		8D722CBE2910B34300C42C4D /* Release */ = {
			isa = XCBuildConfiguration;
			buildSettings = {
				ALWAYS_EMBED_SWIFT_STANDARD_LIBRARIES = YES;
				CODE_SIGN_STYLE = Automatic;
				CURRENT_PROJECT_VERSION = 1;
				DEVELOPMENT_TEAM = FDTCRD4BVY;
				GENERATE_INFOPLIST_FILE = YES;
				MACOSX_DEPLOYMENT_TARGET = 12.3;
				MARKETING_VERSION = 1.0;
				PRODUCT_BUNDLE_IDENTIFIER = "com.samartgs.Tests-macOS";
				PRODUCT_NAME = "$(TARGET_NAME)";
				SDKROOT = macosx;
				SWIFT_EMIT_LOC_STRINGS = NO;
				SWIFT_VERSION = 5.0;
				TEST_TARGET_NAME = "Globedex (macOS)";
			};
			name = Release;
		};
/* End XCBuildConfiguration section */

/* Begin XCConfigurationList section */
		8D722C7A2910B34200C42C4D /* Build configuration list for PBXProject "Globedex" */ = {
			isa = XCConfigurationList;
			buildConfigurations = (
				8D722CB12910B34300C42C4D /* Debug */,
				8D722CB22910B34300C42C4D /* Release */,
			);
			defaultConfigurationIsVisible = 0;
			defaultConfigurationName = Release;
		};
		8D722CB32910B34300C42C4D /* Build configuration list for PBXNativeTarget "Globedex (iOS)" */ = {
			isa = XCConfigurationList;
			buildConfigurations = (
				8D722CB42910B34300C42C4D /* Debug */,
				8D722CB52910B34300C42C4D /* Release */,
			);
			defaultConfigurationIsVisible = 0;
			defaultConfigurationName = Release;
		};
		8D722CB62910B34300C42C4D /* Build configuration list for PBXNativeTarget "Globedex (macOS)" */ = {
			isa = XCConfigurationList;
			buildConfigurations = (
				8D722CB72910B34300C42C4D /* Debug */,
				8D722CB82910B34300C42C4D /* Release */,
			);
			defaultConfigurationIsVisible = 0;
			defaultConfigurationName = Release;
		};
		8D722CB92910B34300C42C4D /* Build configuration list for PBXNativeTarget "Tests iOS" */ = {
			isa = XCConfigurationList;
			buildConfigurations = (
				8D722CBA2910B34300C42C4D /* Debug */,
				8D722CBB2910B34300C42C4D /* Release */,
			);
			defaultConfigurationIsVisible = 0;
			defaultConfigurationName = Release;
		};
		8D722CBC2910B34300C42C4D /* Build configuration list for PBXNativeTarget "Tests macOS" */ = {
			isa = XCConfigurationList;
			buildConfigurations = (
				8D722CBD2910B34300C42C4D /* Debug */,
				8D722CBE2910B34300C42C4D /* Release */,
			);
			defaultConfigurationIsVisible = 0;
			defaultConfigurationName = Release;
		};
/* End XCConfigurationList section */

/* Begin XCVersionGroup section */
		8D722C7C2910B34200C42C4D /* Globedex.xcdatamodeld */ = {
			isa = XCVersionGroup;
			children = (
				8D722C7D2910B34200C42C4D /* Shared.xcdatamodel */,
			);
			currentVersion = 8D722C7D2910B34200C42C4D /* Shared.xcdatamodel */;
			path = Globedex.xcdatamodeld;
			sourceTree = "<group>";
			versionGroupType = wrapper.xcdatamodel;
		};
/* End XCVersionGroup section */
	};
	rootObject = 8D722C772910B34200C42C4D /* Project object */;
}
